
Microsoft Visual Studio Solution File, Format Version 12.00
# Visual Studio Version 17
VisualStudioVersion = 17.7.34221.43
MinimumVisualStudioVersion = 10.0.40219.1
Project("{FAE04EC0-301F-11D3-BF4B-00C04F79EFBC}") = "game_v2", "game_v2.csproj", "{64A71183-CCA2-4721-B13A-A7F4394FF72B}"
EndProject
Global
	GlobalSection(SolutionConfigurationPlatforms) = preSolution
		Debug|Any CPU = Debug|Any CPU
		Release|Any CPU = Release|Any CPU
	EndGlobalSection
	GlobalSection(ProjectConfigurationPlatforms) = postSolution
		{64A71183-CCA2-4721-B13A-A7F4394FF72B}.Debug|Any CPU.ActiveCfg = Debug|Any CPU
		{64A71183-CCA2-4721-B13A-A7F4394FF72B}.Debug|Any CPU.Build.0 = Debug|Any CPU
		{64A71183-CCA2-4721-B13A-A7F4394FF72B}.Release|Any CPU.ActiveCfg = Release|Any CPU
		{64A71183-CCA2-4721-B13A-A7F4394FF72B}.Release|Any CPU.Build.0 = Release|Any CPU
	EndGlobalSection
	GlobalSection(SolutionProperties) = preSolution
		HideSolutionNode = FALSE
	EndGlobalSection
	GlobalSection(ExtensibilityGlobals) = postSolution
		SolutionGuid = {A73FAA53-9C87-4962-A3A9-9D77E44AC1CC}
	EndGlobalSection
EndGlobal
